// !$*UTF8*$!
{
	archiveVersion = 1;
	classes = {
	};
	objectVersion = 56;
	objects = {

/* Begin PBXBuildFile section */
		4FCCDC9529DDBD3600B5E1FC /* Assets.xcassets in Resources */ = {isa = PBXBuildFile; fileRef = 4FCCDC9029DDBD3600B5E1FC /* Assets.xcassets */; };
		4FCCDC9C29DDC43900B5E1FC /* main.mm in Sources */ = {isa = PBXBuildFile; fileRef = 4FCCDC9B29DDC43900B5E1FC /* main.mm */; };
		4FCCDC9F29DDC49900B5E1FC /* AppDelegate.mm in Sources */ = {isa = PBXBuildFile; fileRef = 4FCCDC9E29DDC49900B5E1FC /* AppDelegate.mm */; };
		4FCCDCA229DDC70F00B5E1FC /* _AppDelegate.mm in Sources */ = {isa = PBXBuildFile; fileRef = 4FCCDCA029DDC70F00B5E1FC /* _AppDelegate.mm */; };
		4FCCDCA629DDCD8600B5E1FC /* SceneDelegate.mm in Sources */ = {isa = PBXBuildFile; fileRef = 4FCCDCA529DDCD8600B5E1FC /* SceneDelegate.mm */; };
		4FCCDCA929DDCF6300B5E1FC /* _SceneDelegate.mm in Sources */ = {isa = PBXBuildFile; fileRef = 4FCCDCA729DDCF6300B5E1FC /* _SceneDelegate.mm */; };
		4FCCDCAF29DDD29100B5E1FC /* BaseViewController.mm in Sources */ = {isa = PBXBuildFile; fileRef = 4FCCDCAD29DDD29100B5E1FC /* BaseViewController.mm */; };
/* End PBXBuildFile section */

/* Begin PBXFileReference section */
		4FCCDC7E29DDBCED00B5E1FC /* WatchMoji.app */ = {isa = PBXFileReference; explicitFileType = wrapper.application; includeInIndex = 0; path = WatchMoji.app; sourceTree = BUILT_PRODUCTS_DIR; };
		4FCCDC9029DDBD3600B5E1FC /* Assets.xcassets */ = {isa = PBXFileReference; lastKnownFileType = folder.assetcatalog; path = Assets.xcassets; sourceTree = "<group>"; };
		4FCCDC9B29DDC43900B5E1FC /* main.mm */ = {isa = PBXFileReference; fileEncoding = 4; lastKnownFileType = sourcecode.cpp.objcpp; path = main.mm; sourceTree = "<group>"; };
		4FCCDC9D29DDC49900B5E1FC /* AppDelegate.hpp */ = {isa = PBXFileReference; lastKnownFileType = sourcecode.cpp.h; path = AppDelegate.hpp; sourceTree = "<group>"; };
		4FCCDC9E29DDC49900B5E1FC /* AppDelegate.mm */ = {isa = PBXFileReference; lastKnownFileType = sourcecode.cpp.objcpp; path = AppDelegate.mm; sourceTree = "<group>"; };
		4FCCDCA029DDC70F00B5E1FC /* _AppDelegate.mm */ = {isa = PBXFileReference; lastKnownFileType = sourcecode.cpp.objcpp; path = _AppDelegate.mm; sourceTree = "<group>"; };
		4FCCDCA129DDC70F00B5E1FC /* _AppDelegate.hpp */ = {isa = PBXFileReference; lastKnownFileType = sourcecode.cpp.h; path = _AppDelegate.hpp; sourceTree = "<group>"; };
		4FCCDCA329DDCC1F00B5E1FC /* Info.plist */ = {isa = PBXFileReference; lastKnownFileType = text.plist.xml; path = Info.plist; sourceTree = "<group>"; };
		4FCCDCA429DDCD8600B5E1FC /* SceneDelegate.hpp */ = {isa = PBXFileReference; lastKnownFileType = sourcecode.cpp.h; path = SceneDelegate.hpp; sourceTree = "<group>"; };
		4FCCDCA529DDCD8600B5E1FC /* SceneDelegate.mm */ = {isa = PBXFileReference; lastKnownFileType = sourcecode.cpp.objcpp; path = SceneDelegate.mm; sourceTree = "<group>"; };
		4FCCDCA729DDCF6300B5E1FC /* _SceneDelegate.mm */ = {isa = PBXFileReference; lastKnownFileType = sourcecode.cpp.objcpp; path = _SceneDelegate.mm; sourceTree = "<group>"; };
		4FCCDCA829DDCF6300B5E1FC /* _SceneDelegate.hpp */ = {isa = PBXFileReference; lastKnownFileType = sourcecode.cpp.h; path = _SceneDelegate.hpp; sourceTree = "<group>"; };
		4FCCDCAD29DDD29100B5E1FC /* BaseViewController.mm */ = {isa = PBXFileReference; lastKnownFileType = sourcecode.cpp.objcpp; path = BaseViewController.mm; sourceTree = "<group>"; };
		4FCCDCAE29DDD29100B5E1FC /* BaseViewController.hpp */ = {isa = PBXFileReference; lastKnownFileType = sourcecode.cpp.h; path = BaseViewController.hpp; sourceTree = "<group>"; };
/* End PBXFileReference section */

/* Begin PBXFrameworksBuildPhase section */
		4FCCDC7B29DDBCED00B5E1FC /* Frameworks */ = {
			isa = PBXFrameworksBuildPhase;
			buildActionMask = 2147483647;
			files = (
			);
			runOnlyForDeploymentPostprocessing = 0;
		};
/* End PBXFrameworksBuildPhase section */

/* Begin PBXGroup section */
		4FCCDC7529DDBCEC00B5E1FC = {
			isa = PBXGroup;
			children = (
				4FCCDC8F29DDBD3600B5E1FC /* WatchMoji */,
				4FCCDC7F29DDBCED00B5E1FC /* Products */,
			);
			sourceTree = "<group>";
		};
		4FCCDC7F29DDBCED00B5E1FC /* Products */ = {
			isa = PBXGroup;
			children = (
				4FCCDC7E29DDBCED00B5E1FC /* WatchMoji.app */,
			);
			name = Products;
			sourceTree = "<group>";
		};
		4FCCDC8F29DDBD3600B5E1FC /* WatchMoji */ = {
			isa = PBXGroup;
			children = (
				4FCCDC9B29DDC43900B5E1FC /* main.mm */,
				4FCCDCAA29DDD21B00B5E1FC /* Application */,
				4FCCDCAB29DDD22500B5E1FC /* Resources */,
				4FCCDCAC29DDD26600B5E1FC /* Presentations */,
			);
			path = WatchMoji;
			sourceTree = "<group>";
		};
		4FCCDCAA29DDD21B00B5E1FC /* Application */ = {
			isa = PBXGroup;
			children = (
				4FCCDC9D29DDC49900B5E1FC /* AppDelegate.hpp */,
				4FCCDC9E29DDC49900B5E1FC /* AppDelegate.mm */,
				4FCCDCA129DDC70F00B5E1FC /* _AppDelegate.hpp */,
				4FCCDCA029DDC70F00B5E1FC /* _AppDelegate.mm */,
				4FCCDCA429DDCD8600B5E1FC /* SceneDelegate.hpp */,
				4FCCDCA529DDCD8600B5E1FC /* SceneDelegate.mm */,
				4FCCDCA829DDCF6300B5E1FC /* _SceneDelegate.hpp */,
				4FCCDCA729DDCF6300B5E1FC /* _SceneDelegate.mm */,
			);
			path = Application;
			sourceTree = "<group>";
		};
		4FCCDCAB29DDD22500B5E1FC /* Resources */ = {
			isa = PBXGroup;
			children = (
				4FCCDCA329DDCC1F00B5E1FC /* Info.plist */,
				4FCCDC9029DDBD3600B5E1FC /* Assets.xcassets */,
			);
			path = Resources;
			sourceTree = "<group>";
		};
		4FCCDCAC29DDD26600B5E1FC /* Presentations */ = {
			isa = PBXGroup;
			children = (
				4FCCDCAE29DDD29100B5E1FC /* BaseViewController.hpp */,
				4FCCDCAD29DDD29100B5E1FC /* BaseViewController.mm */,
			);
			path = Presentations;
			sourceTree = "<group>";
		};
/* End PBXGroup section */

/* Begin PBXNativeTarget section */
		4FCCDC7D29DDBCED00B5E1FC /* WatchMoji */ = {
			isa = PBXNativeTarget;
			buildConfigurationList = 4FCCDC8C29DDBCED00B5E1FC /* Build configuration list for PBXNativeTarget "WatchMoji" */;
			buildPhases = (
				4FCCDC7A29DDBCED00B5E1FC /* Sources */,
				4FCCDC7B29DDBCED00B5E1FC /* Frameworks */,
				4FCCDC7C29DDBCED00B5E1FC /* Resources */,
			);
			buildRules = (
			);
			dependencies = (
			);
			name = WatchMoji;
			productName = "WatchMoji Watch App";
			productReference = 4FCCDC7E29DDBCED00B5E1FC /* WatchMoji.app */;
			productType = "com.apple.product-type.application";
		};
/* End PBXNativeTarget section */

/* Begin PBXProject section */
		4FCCDC7629DDBCEC00B5E1FC /* Project object */ = {
			isa = PBXProject;
			attributes = {
				BuildIndependentTargetsInParallel = 1;
				LastSwiftUpdateCheck = 1430;
				LastUpgradeCheck = 1430;
				TargetAttributes = {
					4FCCDC7D29DDBCED00B5E1FC = {
						CreatedOnToolsVersion = 14.3;
					};
				};
			};
			buildConfigurationList = 4FCCDC7929DDBCEC00B5E1FC /* Build configuration list for PBXProject "WatchMoji" */;
			compatibilityVersion = "Xcode 14.0";
			developmentRegion = en;
			hasScannedForEncodings = 0;
			knownRegions = (
				en,
				Base,
			);
			mainGroup = 4FCCDC7529DDBCEC00B5E1FC;
			productRefGroup = 4FCCDC7F29DDBCED00B5E1FC /* Products */;
			projectDirPath = "";
			projectRoot = "";
			targets = (
				4FCCDC7D29DDBCED00B5E1FC /* WatchMoji */,
			);
		};
/* End PBXProject section */

/* Begin PBXResourcesBuildPhase section */
		4FCCDC7C29DDBCED00B5E1FC /* Resources */ = {
			isa = PBXResourcesBuildPhase;
			buildActionMask = 2147483647;
			files = (
				4FCCDC9529DDBD3600B5E1FC /* Assets.xcassets in Resources */,
			);
			runOnlyForDeploymentPostprocessing = 0;
		};
/* End PBXResourcesBuildPhase section */

/* Begin PBXSourcesBuildPhase section */
		4FCCDC7A29DDBCED00B5E1FC /* Sources */ = {
			isa = PBXSourcesBuildPhase;
			buildActionMask = 2147483647;
			files = (
				4FCCDC9F29DDC49900B5E1FC /* AppDelegate.mm in Sources */,
				4FCCDC9C29DDC43900B5E1FC /* main.mm in Sources */,
				4FCCDCAF29DDD29100B5E1FC /* BaseViewController.mm in Sources */,
				4FCCDCA229DDC70F00B5E1FC /* _AppDelegate.mm in Sources */,
				4FCCDCA629DDCD8600B5E1FC /* SceneDelegate.mm in Sources */,
				4FCCDCA929DDCF6300B5E1FC /* _SceneDelegate.mm in Sources */,
			);
			runOnlyForDeploymentPostprocessing = 0;
		};
/* End PBXSourcesBuildPhase section */

/* Begin XCBuildConfiguration section */
		4FCCDC8A29DDBCED00B5E1FC /* Debug */ = {
			isa = XCBuildConfiguration;
			buildSettings = {
				ALWAYS_SEARCH_USER_PATHS = NO;
				CLANG_ANALYZER_NONNULL = YES;
				CLANG_ANALYZER_NUMBER_OBJECT_CONVERSION = YES_AGGRESSIVE;
				CLANG_CXX_LANGUAGE_STANDARD = "gnu++20";
				CLANG_ENABLE_MODULES = YES;
				CLANG_ENABLE_OBJC_ARC = NO;
				CLANG_ENABLE_OBJC_WEAK = NO;
				CLANG_WARN_BLOCK_CAPTURE_AUTORELEASING = YES;
				CLANG_WARN_BOOL_CONVERSION = YES;
				CLANG_WARN_COMMA = YES;
				CLANG_WARN_CONSTANT_CONVERSION = YES;
				CLANG_WARN_DEPRECATED_OBJC_IMPLEMENTATIONS = YES;
				CLANG_WARN_DIRECT_OBJC_ISA_USAGE = YES_ERROR;
				CLANG_WARN_DOCUMENTATION_COMMENTS = YES;
				CLANG_WARN_EMPTY_BODY = YES;
				CLANG_WARN_ENUM_CONVERSION = YES;
				CLANG_WARN_INFINITE_RECURSION = YES;
				CLANG_WARN_INT_CONVERSION = YES;
				CLANG_WARN_NON_LITERAL_NULL_CONVERSION = YES;
				CLANG_WARN_OBJC_IMPLICIT_RETAIN_SELF = YES;
				CLANG_WARN_OBJC_LITERAL_CONVERSION = YES;
				CLANG_WARN_OBJC_ROOT_CLASS = YES_ERROR;
				CLANG_WARN_QUOTED_INCLUDE_IN_FRAMEWORK_HEADER = YES;
				CLANG_WARN_RANGE_LOOP_ANALYSIS = YES;
				CLANG_WARN_STRICT_PROTOTYPES = YES;
				CLANG_WARN_SUSPICIOUS_MOVE = YES;
				CLANG_WARN_UNGUARDED_AVAILABILITY = YES_AGGRESSIVE;
				CLANG_WARN_UNREACHABLE_CODE = YES;
				CLANG_WARN__DUPLICATE_METHOD_MATCH = YES;
				COPY_PHASE_STRIP = NO;
				DEBUG_INFORMATION_FORMAT = dwarf;
				ENABLE_STRICT_OBJC_MSGSEND = YES;
				ENABLE_TESTABILITY = YES;
				GCC_C_LANGUAGE_STANDARD = gnu11;
				GCC_DYNAMIC_NO_PIC = NO;
				GCC_NO_COMMON_BLOCKS = YES;
				GCC_OPTIMIZATION_LEVEL = 0;
				GCC_PREPROCESSOR_DEFINITIONS = (
					"DEBUG=1",
					"$(inherited)",
				);
				GCC_WARN_64_TO_32_BIT_CONVERSION = YES;
				GCC_WARN_ABOUT_RETURN_TYPE = YES_ERROR;
				GCC_WARN_UNDECLARED_SELECTOR = YES;
				GCC_WARN_UNINITIALIZED_AUTOS = YES_AGGRESSIVE;
				GCC_WARN_UNUSED_FUNCTION = YES;
				GCC_WARN_UNUSED_VARIABLE = YES;
				MTL_ENABLE_DEBUG_INFO = INCLUDE_SOURCE;
				MTL_FAST_MATH = YES;
				ONLY_ACTIVE_ARCH = YES;
				SWIFT_ACTIVE_COMPILATION_CONDITIONS = DEBUG;
				SWIFT_OPTIMIZATION_LEVEL = "-Onone";
			};
			name = Debug;
		};
		4FCCDC8B29DDBCED00B5E1FC /* Release */ = {
			isa = XCBuildConfiguration;
			buildSettings = {
				ALWAYS_SEARCH_USER_PATHS = NO;
				CLANG_ANALYZER_NONNULL = YES;
				CLANG_ANALYZER_NUMBER_OBJECT_CONVERSION = YES_AGGRESSIVE;
				CLANG_CXX_LANGUAGE_STANDARD = "gnu++20";
				CLANG_ENABLE_MODULES = YES;
				CLANG_ENABLE_OBJC_ARC = NO;
				CLANG_ENABLE_OBJC_WEAK = NO;
				CLANG_WARN_BLOCK_CAPTURE_AUTORELEASING = YES;
				CLANG_WARN_BOOL_CONVERSION = YES;
				CLANG_WARN_COMMA = YES;
				CLANG_WARN_CONSTANT_CONVERSION = YES;
				CLANG_WARN_DEPRECATED_OBJC_IMPLEMENTATIONS = YES;
				CLANG_WARN_DIRECT_OBJC_ISA_USAGE = YES_ERROR;
				CLANG_WARN_DOCUMENTATION_COMMENTS = YES;
				CLANG_WARN_EMPTY_BODY = YES;
				CLANG_WARN_ENUM_CONVERSION = YES;
				CLANG_WARN_INFINITE_RECURSION = YES;
				CLANG_WARN_INT_CONVERSION = YES;
				CLANG_WARN_NON_LITERAL_NULL_CONVERSION = YES;
				CLANG_WARN_OBJC_IMPLICIT_RETAIN_SELF = YES;
				CLANG_WARN_OBJC_LITERAL_CONVERSION = YES;
				CLANG_WARN_OBJC_ROOT_CLASS = YES_ERROR;
				CLANG_WARN_QUOTED_INCLUDE_IN_FRAMEWORK_HEADER = YES;
				CLANG_WARN_RANGE_LOOP_ANALYSIS = YES;
				CLANG_WARN_STRICT_PROTOTYPES = YES;
				CLANG_WARN_SUSPICIOUS_MOVE = YES;
				CLANG_WARN_UNGUARDED_AVAILABILITY = YES_AGGRESSIVE;
				CLANG_WARN_UNREACHABLE_CODE = YES;
				CLANG_WARN__DUPLICATE_METHOD_MATCH = YES;
				COPY_PHASE_STRIP = NO;
				DEBUG_INFORMATION_FORMAT = "dwarf-with-dsym";
				ENABLE_NS_ASSERTIONS = NO;
				ENABLE_STRICT_OBJC_MSGSEND = YES;
				GCC_C_LANGUAGE_STANDARD = gnu11;
				GCC_NO_COMMON_BLOCKS = YES;
				GCC_WARN_64_TO_32_BIT_CONVERSION = YES;
				GCC_WARN_ABOUT_RETURN_TYPE = YES_ERROR;
				GCC_WARN_UNDECLARED_SELECTOR = YES;
				GCC_WARN_UNINITIALIZED_AUTOS = YES_AGGRESSIVE;
				GCC_WARN_UNUSED_FUNCTION = YES;
				GCC_WARN_UNUSED_VARIABLE = YES;
				MTL_ENABLE_DEBUG_INFO = NO;
				MTL_FAST_MATH = YES;
				SWIFT_COMPILATION_MODE = wholemodule;
				SWIFT_OPTIMIZATION_LEVEL = "-O";
			};
			name = Release;
		};
		4FCCDC8D29DDBCED00B5E1FC /* Debug */ = {
			isa = XCBuildConfiguration;
			buildSettings = {
				ASSETCATALOG_COMPILER_APPICON_NAME = AppIcon;
				ASSETCATALOG_COMPILER_GLOBAL_ACCENT_COLOR_NAME = AccentColor;
				CODE_SIGN_STYLE = Automatic;
				CURRENT_PROJECT_VERSION = 1;
				DEVELOPMENT_TEAM = P53D29U9LJ;
				ENABLE_PREVIEWS = YES;
				GENERATE_INFOPLIST_FILE = YES;
				INFOPLIST_FILE = WatchMoji/Resources/Info.plist;
				INFOPLIST_KEY_CFBundleDisplayName = WatchMoji;
				INFOPLIST_KEY_UISupportedInterfaceOrientations = "UIInterfaceOrientationPortrait UIInterfaceOrientationPortraitUpsideDown";
				INFOPLIST_KEY_WKCompanionAppBundleIdentifier = com.pookjw.WatchMoji;
				LD_RUNPATH_SEARCH_PATHS = (
					"$(inherited)",
					"@executable_path/Frameworks",
				);
				MARKETING_VERSION = 1.0;
				PRODUCT_BUNDLE_IDENTIFIER = com.pookjw.WatchMoji.watchkitapp;
				PRODUCT_NAME = "$(TARGET_NAME)";
				SDKROOT = watchos;
				SKIP_INSTALL = YES;
				SWIFT_EMIT_LOC_STRINGS = YES;
				SWIFT_VERSION = 5.0;
				TARGETED_DEVICE_FAMILY = 4;
				WATCHOS_DEPLOYMENT_TARGET = 9.4;
			};
			name = Debug;
		};
		4FCCDC8E29DDBCED00B5E1FC /* Release */ = {
			isa = XCBuildConfiguration;
			buildSettings = {
				ASSETCATALOG_COMPILER_APPICON_NAME = AppIcon;
				ASSETCATALOG_COMPILER_GLOBAL_ACCENT_COLOR_NAME = AccentColor;
				CODE_SIGN_STYLE = Automatic;
				CURRENT_PROJECT_VERSION = 1;
				DEVELOPMENT_TEAM = P53D29U9LJ;
				ENABLE_PREVIEWS = YES;
				GENERATE_INFOPLIST_FILE = YES;
				INFOPLIST_FILE = WatchMoji/Resources/Info.plist;
				INFOPLIST_KEY_CFBundleDisplayName = WatchMoji;
				INFOPLIST_KEY_UISupportedInterfaceOrientations = "UIInterfaceOrientationPortrait UIInterfaceOrientationPortraitUpsideDown";
				INFOPLIST_KEY_WKCompanionAppBundleIdentifier = com.pookjw.WatchMoji;
				LD_RUNPATH_SEARCH_PATHS = (
					"$(inherited)",
					"@executable_path/Frameworks",
				);
				MARKETING_VERSION = 1.0;
				PRODUCT_BUNDLE_IDENTIFIER = com.pookjw.WatchMoji.watchkitapp;
				PRODUCT_NAME = "$(TARGET_NAME)";
				SDKROOT = watchos;
				SKIP_INSTALL = YES;
				SWIFT_EMIT_LOC_STRINGS = YES;
				SWIFT_VERSION = 5.0;
				TARGETED_DEVICE_FAMILY = 4;
				VALIDATE_PRODUCT = YES;
				WATCHOS_DEPLOYMENT_TARGET = 9.4;
			};
			name = Release;
		};
/* End XCBuildConfiguration section */

/* Begin XCConfigurationList section */
		4FCCDC7929DDBCEC00B5E1FC /* Build configuration list for PBXProject "WatchMoji" */ = {
			isa = XCConfigurationList;
			buildConfigurations = (
				4FCCDC8A29DDBCED00B5E1FC /* Debug */,
				4FCCDC8B29DDBCED00B5E1FC /* Release */,
			);
			defaultConfigurationIsVisible = 0;
			defaultConfigurationName = Release;
		};
		4FCCDC8C29DDBCED00B5E1FC /* Build configuration list for PBXNativeTarget "WatchMoji" */ = {
			isa = XCConfigurationList;
			buildConfigurations = (
				4FCCDC8D29DDBCED00B5E1FC /* Debug */,
				4FCCDC8E29DDBCED00B5E1FC /* Release */,
			);
			defaultConfigurationIsVisible = 0;
			defaultConfigurationName = Release;
		};
/* End XCConfigurationList section */
	};
	rootObject = 4FCCDC7629DDBCEC00B5E1FC /* Project object */;
}
